
Microsoft Visual Studio Solution File, Format Version 12.00
# Visual Studio Version 16
VisualStudioVersion = 16.0.30804.86
MinimumVisualStudioVersion = 10.0.40219.1
Project("{FAE04EC0-301F-11D3-BF4B-00C04F79EFBC}") = "esistema", "esistema.csproj", "{0E4E9F01-79E9-439A-A2B6-E86C022B730A}"
EndProject
Global
	GlobalSection(SolutionConfigurationPlatforms) = preSolution
		Debug|Any CPU = Debug|Any CPU
		Release|Any CPU = Release|Any CPU
	EndGlobalSection
	GlobalSection(ProjectConfigurationPlatforms) = postSolution
		{0E4E9F01-79E9-439A-A2B6-E86C022B730A}.Debug|Any CPU.ActiveCfg = Debug|Any CPU
		{0E4E9F01-79E9-439A-A2B6-E86C022B730A}.Debug|Any CPU.Build.0 = Debug|Any CPU
		{0E4E9F01-79E9-439A-A2B6-E86C022B730A}.Release|Any CPU.ActiveCfg = Release|Any CPU
		{0E4E9F01-79E9-439A-A2B6-E86C022B730A}.Release|Any CPU.Build.0 = Release|Any CPU
	EndGlobalSection
	GlobalSection(SolutionProperties) = preSolution
		HideSolutionNode = FALSE
	EndGlobalSection
	GlobalSection(ExtensibilityGlobals) = postSolution
		SolutionGuid = {C6CD00D8-4221-458B-847E-4BFB28D89733}
	EndGlobalSection
EndGlobal
